Microsoft Visual Studio Solution File, Format Version 12.00
# Visual Studio Version 17
VisualStudioVersion = 17.5.2.0
MinimumVisualStudioVersion = 10.0.40219.1
Project("{FAE04EC0-301F-11D3-BF4B-00C04F79EFBC}") = "CP1_Vinicius_Guilherme-Csharp", "CP1_Vinicius_Guilherme-Csharp.csproj", "{ECFBB1AD-DDD7-C651-A12E-375919399F7D}"
EndProject
Global
	GlobalSection(SolutionConfigurationPlatforms) = preSolution
		Debug|Any CPU = Debug|Any CPU
		Release|Any CPU = Release|Any CPU
	EndGlobalSection
	GlobalSection(ProjectConfigurationPlatforms) = postSolution
		{ECFBB1AD-DDD7-C651-A12E-375919399F7D}.Debug|Any CPU.ActiveCfg = Debug|Any CPU
		{ECFBB1AD-DDD7-C651-A12E-375919399F7D}.Debug|Any CPU.Build.0 = Debug|Any CPU
		{ECFBB1AD-DDD7-C651-A12E-375919399F7D}.Release|Any CPU.ActiveCfg = Release|Any CPU
		{ECFBB1AD-DDD7-C651-A12E-375919399F7D}.Release|Any CPU.Build.0 = Release|Any CPU
	EndGlobalSection
	GlobalSection(SolutionProperties) = preSolution
		HideSolutionNode = FALSE
	EndGlobalSection
	GlobalSection(ExtensibilityGlobals) = postSolution
		SolutionGuid = {E749748D-F79C-452F-B461-F94396E73EF5}
	EndGlobalSection
EndGlobal
